Microsoft Visual Studio Solution File, Format Version 12.00
# Visual Studio Version 17
VisualStudioVersion = 17.5.2.0
MinimumVisualStudioVersion = 10.0.40219.1
Project("{FAE04EC0-301F-11D3-BF4B-00C04F79EFBC}") = "InventoryHub.API", "InventoryHub.API.csproj", "{C0FFE9E8-34D2-E0FA-F979-40FC306565EB}"
EndProject
Global
	GlobalSection(SolutionConfigurationPlatforms) = preSolution
		Debug|Any CPU = Debug|Any CPU
		Release|Any CPU = Release|Any CPU
	EndGlobalSection
	GlobalSection(ProjectConfigurationPlatforms) = postSolution
		{C0FFE9E8-34D2-E0FA-F979-40FC306565EB}.Debug|Any CPU.ActiveCfg = Debug|Any CPU
		{C0FFE9E8-34D2-E0FA-F979-40FC306565EB}.Debug|Any CPU.Build.0 = Debug|Any CPU
		{C0FFE9E8-34D2-E0FA-F979-40FC306565EB}.Release|Any CPU.ActiveCfg = Release|Any CPU
		{C0FFE9E8-34D2-E0FA-F979-40FC306565EB}.Release|Any CPU.Build.0 = Release|Any CPU
	EndGlobalSection
	GlobalSection(SolutionProperties) = preSolution
		HideSolutionNode = FALSE
	EndGlobalSection
	GlobalSection(ExtensibilityGlobals) = postSolution
		SolutionGuid = {480E3F1F-D829-4FFB-94A8-F94BC1166577}
	EndGlobalSection
EndGlobal
